
Microsoft Visual Studio Solution File, Format Version 12.00
# Visual Studio Express 2012 for Windows Desktop
Project("{FAE04EC0-301F-11D3-BF4B-00C04F79EFBC}") = "Marathon", "Marathon\Marathon.csproj", "{BABC0A9C-F984-46CA-BD04-0C2AB1622D33}"
EndProject
Global
	GlobalSection(SolutionConfigurationPlatforms) = preSolution
		Debug|Any CPU = Debug|Any CPU
		Release|Any CPU = Release|Any CPU
	EndGlobalSection
	GlobalSection(ProjectConfigurationPlatforms) = postSolution
		{BABC0A9C-F984-46CA-BD04-0C2AB1622D33}.Debug|Any CPU.ActiveCfg = Debug|Any CPU
		{BABC0A9C-F984-46CA-BD04-0C2AB1622D33}.Debug|Any CPU.Build.0 = Debug|Any CPU
		{BABC0A9C-F984-46CA-BD04-0C2AB1622D33}.Release|Any CPU.ActiveCfg = Release|Any CPU
		{BABC0A9C-F984-46CA-BD04-0C2AB1622D33}.Release|Any CPU.Build.0 = Release|Any CPU
	EndGlobalSection
	GlobalSection(SolutionProperties) = preSolution
		HideSolutionNode = FALSE
	EndGlobalSection
EndGlobal
